// !$*UTF8*$!
{
	archiveVersion = 1;
	classes = {
	};
	objectVersion = 46;
	objects = {

/* Begin PBXBuildFile section */
		4704F9FC1EA45CBF00D557D3 /* main.cpp in Sources */ = {isa = PBXBuildFile; fileRef = 4704F9FB1EA45CBF00D557D3 /* main.cpp */; };
		4704FA051EA45E5800D557D3 /* GLUT.framework in Frameworks */ = {isa = PBXBuildFile; fileRef = 4704FA031EA45E5800D557D3 /* GLUT.framework */; };
		4704FA061EA45E5800D557D3 /* OpenGL.framework in Frameworks */ = {isa = PBXBuildFile; fileRef = 4704FA041EA45E5800D557D3 /* OpenGL.framework */; };
/* End PBXBuildFile section */

/* Begin PBXCopyFilesBuildPhase section */
		4704F9F61EA45CBF00D557D3 /* CopyFiles */ = {
			isa = PBXCopyFilesBuildPhase;
			buildActionMask = 2147483647;
			dstPath = /usr/share/man/man1/;
			dstSubfolderSpec = 0;
			files = (
			);
			runOnlyForDeploymentPostprocessing = 1;
		};
/* End PBXCopyFilesBuildPhase section */

/* Begin PBXFileReference section */
		4704F9F81EA45CBF00D557D3 /* openGLsample */ = {isa = PBXFileReference; explicitFileType = "compiled.mach-o.executable"; includeInIndex = 0; path = openGLsample; sourceTree = BUILT_PRODUCTS_DIR; };
		4704F9FB1EA45CBF00D557D3 /* main.cpp */ = {isa = PBXFileReference; lastKnownFileType = sourcecode.cpp.cpp; path = main.cpp; sourceTree = "<group>"; };
		4704FA031EA45E5800D557D3 /* GLUT.framework */ = {isa = PBXFileReference; lastKnownFileType = wrapper.framework; name = GLUT.framework; path = System/Library/Frameworks/GLUT.framework; sourceTree = SDKROOT; };
		4704FA041EA45E5800D557D3 /* OpenGL.framework */ = {isa = PBXFileReference; lastKnownFileType = wrapper.framework; name = OpenGL.framework; path = System/Library/Frameworks/OpenGL.framework; sourceTree = SDKROOT; };
/* End PBXFileReference section */

/* Begin PBXFrameworksBuildPhase section */
		4704F9F51EA45CBF00D557D3 /* Frameworks */ = {
			isa = PBXFrameworksBuildPhase;
			buildActionMask = 2147483647;
			files = (
				4704FA051EA45E5800D557D3 /* GLUT.framework in Frameworks */,
				4704FA061EA45E5800D557D3 /* OpenGL.framework in Frameworks */,
			);
			runOnlyForDeploymentPostprocessing = 0;
		};
/* End PBXFrameworksBuildPhase section */

/* Begin PBXGroup section */
		4704F9EF1EA45CBE00D557D3 = {
			isa = PBXGroup;
			children = (
				4704F9FA1EA45CBF00D557D3 /* openGLsample */,
				4704F9F91EA45CBF00D557D3 /* Products */,
				4704FA021EA45E5800D557D3 /* Frameworks */,
			);
			sourceTree = "<group>";
		};
		4704F9F91EA45CBF00D557D3 /* Products */ = {
			isa = PBXGroup;
			children = (
				4704F9F81EA45CBF00D557D3 /* openGLsample */,
			);
			name = Products;
			sourceTree = "<group>";
		};
		4704F9FA1EA45CBF00D557D3 /* openGLsample */ = {
			isa = PBXGroup;
			children = (
				4704F9FB1EA45CBF00D557D3 /* main.cpp */,
			);
			path = openGLsample;
			sourceTree = "<group>";
		};
		4704FA021EA45E5800D557D3 /* Frameworks */ = {
			isa = PBXGroup;
			children = (
				4704FA031EA45E5800D557D3 /* GLUT.framework */,
				4704FA041EA45E5800D557D3 /* OpenGL.framework */,
			);
			name = Frameworks;
			sourceTree = "<group>";
		};
/* End PBXGroup section */

/* Begin PBXNativeTarget section */
		4704F9F71EA45CBF00D557D3 /* openGLsample */ = {
			isa = PBXNativeTarget;
			buildConfigurationList = 4704F9FF1EA45CBF00D557D3 /* Build configuration list for PBXNativeTarget "openGLsample" */;
			buildPhases = (
				4704F9F41EA45CBF00D557D3 /* Sources */,
				4704F9F51EA45CBF00D557D3 /* Frameworks */,
				4704F9F61EA45CBF00D557D3 /* CopyFiles */,
			);
			buildRules = (
			);
			dependencies = (
			);
			name = openGLsample;
			productName = openGLsample;
			productReference = 4704F9F81EA45CBF00D557D3 /* openGLsample */;
			productType = "com.apple.product-type.tool";
		};
/* End PBXNativeTarget section */

/* Begin PBXProject section */
		4704F9F01EA45CBE00D557D3 /* Project object */ = {
			isa = PBXProject;
			attributes = {
				LastUpgradeCheck = 0820;
				ORGANIZATIONNAME = m.okamura;
				TargetAttributes = {
					4704F9F71EA45CBF00D557D3 = {
						CreatedOnToolsVersion = 8.2.1;
						ProvisioningStyle = Automatic;
					};
				};
			};
			buildConfigurationList = 4704F9F31EA45CBE00D557D3 /* Build configuration list for PBXProject "openGLsample" */;
			compatibilityVersion = "Xcode 3.2";
			developmentRegion = English;
			hasScannedForEncodings = 0;
			knownRegions = (
				en,
			);
			mainGroup = 4704F9EF1EA45CBE00D557D3;
			productRefGroup = 4704F9F91EA45CBF00D557D3 /* Products */;
			projectDirPath = "";
			projectRoot = "";
			targets = (
				4704F9F71EA45CBF00D557D3 /* openGLsample */,
			);
		};
/* End PBXProject section */

/* Begin PBXSourcesBuildPhase section */
		4704F9F41EA45CBF00D557D3 /* Sources */ = {
			isa = PBXSourcesBuildPhase;
			buildActionMask = 2147483647;
			files = (
				4704F9FC1EA45CBF00D557D3 /* main.cpp in Sources */,
			);
			runOnlyForDeploymentPostprocessing = 0;
		};
/* End PBXSourcesBuildPhase section */

/* Begin XCBuildConfiguration section */
		4704F9FD1EA45CBF00D557D3 /* Debug */ = {
			isa = XCBuildConfiguration;
			buildSettings = {
				ALWAYS_SEARCH_USER_PATHS = NO;
				CLANG_ANALYZER_NONNULL = YES;
				CLANG_CXX_LANGUAGE_STANDARD = "gnu++0x";
				CLANG_CXX_LIBRARY = "libc++";
				CLANG_ENABLE_MODULES = YES;
				CLANG_ENABLE_OBJC_ARC = YES;
				CLANG_WARN_BOOL_CONVERSION = YES;
				CLANG_WARN_CONSTANT_CONVERSION = YES;
				CLANG_WARN_DIRECT_OBJC_ISA_USAGE = YES_ERROR;
				CLANG_WARN_DOCUMENTATION_COMMENTS = YES;
				CLANG_WARN_EMPTY_BODY = YES;
				CLANG_WARN_ENUM_CONVERSION = YES;
				CLANG_WARN_INFINITE_RECURSION = YES;
				CLANG_WARN_INT_CONVERSION = YES;
				CLANG_WARN_OBJC_ROOT_CLASS = YES_ERROR;
				CLANG_WARN_SUSPICIOUS_MOVE = YES;
				CLANG_WARN_UNREACHABLE_CODE = YES;
				CLANG_WARN__DUPLICATE_METHOD_MATCH = YES;
				CODE_SIGN_IDENTITY = "-";
				COPY_PHASE_STRIP = NO;
				DEBUG_INFORMATION_FORMAT = dwarf;
				ENABLE_STRICT_OBJC_MSGSEND = YES;
				ENABLE_TESTABILITY = YES;
				GCC_C_LANGUAGE_STANDARD = gnu99;
				GCC_DYNAMIC_NO_PIC = NO;
				GCC_NO_COMMON_BLOCKS = YES;
				GCC_OPTIMIZATION_LEVEL = 0;
				GCC_PREPROCESSOR_DEFINITIONS = (
					"DEBUG=1",
					"$(inherited)",
				);
				GCC_WARN_64_TO_32_BIT_CONVERSION = YES;
				GCC_WARN_ABOUT_RETURN_TYPE = YES_ERROR;
				GCC_WARN_UNDECLARED_SELECTOR = YES;
				GCC_WARN_UNINITIALIZED_AUTOS = YES_AGGRESSIVE;
				GCC_WARN_UNUSED_FUNCTION = YES;
				GCC_WARN_UNUSED_VARIABLE = YES;
				MACOSX_DEPLOYMENT_TARGET = 10.11;
				MTL_ENABLE_DEBUG_INFO = YES;
				ONLY_ACTIVE_ARCH = YES;
				SDKROOT = macosx;
			};
			name = Debug;
		};
		4704F9FE1EA45CBF00D557D3 /* Release */ = {
			isa = XCBuildConfiguration;
			buildSettings = {
				ALWAYS_SEARCH_USER_PATHS = NO;
				CLANG_ANALYZER_NONNULL = YES;
				CLANG_CXX_LANGUAGE_STANDARD = "gnu++0x";
				CLANG_CXX_LIBRARY = "libc++";
				CLANG_ENABLE_MODULES = YES;
				CLANG_ENABLE_OBJC_ARC = YES;
				CLANG_WARN_BOOL_CONVERSION = YES;
				CLANG_WARN_CONSTANT_CONVERSION = YES;
				CLANG_WARN_DIRECT_OBJC_ISA_USAGE = YES_ERROR;
				CLANG_WARN_DOCUMENTATION_COMMENTS = YES;
				CLANG_WARN_EMPTY_BODY = YES;
				CLANG_WARN_ENUM_CONVERSION = YES;
				CLANG_WARN_INFINITE_RECURSION = YES;
				CLANG_WARN_INT_CONVERSION = YES;
				CLANG_WARN_OBJC_ROOT_CLASS = YES_ERROR;
				CLANG_WARN_SUSPICIOUS_MOVE = YES;
				CLANG_WARN_UNREACHABLE_CODE = YES;
				CLANG_WARN__DUPLICATE_METHOD_MATCH = YES;
				CODE_SIGN_IDENTITY = "-";
				COPY_PHASE_STRIP = NO;
				DEBUG_INFORMATION_FORMAT = "dwarf-with-dsym";
				ENABLE_NS_ASSERTIONS = NO;
				ENABLE_STRICT_OBJC_MSGSEND = YES;
				GCC_C_LANGUAGE_STANDARD = gnu99;
				GCC_NO_COMMON_BLOCKS = YES;
				GCC_WARN_64_TO_32_BIT_CONVERSION = YES;
				GCC_WARN_ABOUT_RETURN_TYPE = YES_ERROR;
				GCC_WARN_UNDECLARED_SELECTOR = YES;
				GCC_WARN_UNINITIALIZED_AUTOS = YES_AGGRESSIVE;
				GCC_WARN_UNUSED_FUNCTION = YES;
				GCC_WARN_UNUSED_VARIABLE = YES;
				MACOSX_DEPLOYMENT_TARGET = 10.11;
				MTL_ENABLE_DEBUG_INFO = NO;
				SDKROOT = macosx;
			};
			name = Release;
		};
		4704FA001EA45CBF00D557D3 /* Debug */ = {
			isa = XCBuildConfiguration;
			buildSettings = {
				PRODUCT_NAME = "$(TARGET_NAME)";
			};
			name = Debug;
		};
		4704FA011EA45CBF00D557D3 /* Release */ = {
			isa = XCBuildConfiguration;
			buildSettings = {
				PRODUCT_NAME = "$(TARGET_NAME)";
			};
			name = Release;
		};
/* End XCBuildConfiguration section */

/* Begin XCConfigurationList section */
		4704F9F31EA45CBE00D557D3 /* Build configuration list for PBXProject "openGLsample" */ = {
			isa = XCConfigurationList;
			buildConfigurations = (
				4704F9FD1EA45CBF00D557D3 /* Debug */,
				4704F9FE1EA45CBF00D557D3 /* Release */,
			);
			defaultConfigurationIsVisible = 0;
			defaultConfigurationName = Release;
		};
		4704F9FF1EA45CBF00D557D3 /* Build configuration list for PBXNativeTarget "openGLsample" */ = {
			isa = XCConfigurationList;
			buildConfigurations = (
				4704FA001EA45CBF00D557D3 /* Debug */,
				4704FA011EA45CBF00D557D3 /* Release */,
			);
			defaultConfigurationIsVisible = 0;
		};
/* End XCConfigurationList section */
	};
	rootObject = 4704F9F01EA45CBE00D557D3 /* Project object */;
}
